PODS:
  - localpodtest (0.0.1)

DEPENDENCIES:
  - localpodtest (from `../podtest/libs/lib/localpodtest-0.0.1`)

EXTERNAL SOURCES:
  localpodtest:
    :path: "../podtest/libs/lib/localpodtest-0.0.1"

SPEC CHECKSUMS:
  localpodtest: 85996095f3819ee24de230fb86ce1e73c01eac95

PODFILE CHECKSUM: 7f51e6c6cd66aeb75ef0c37f6b5d676054d1c8bc

COCOAPODS: 1.10.0
