PODS:
  - localpod2 (0.0.1)
  - localpodtest (0.0.1)

DEPENDENCIES:
  - localpod2 (from `libs/lib`)
  - localpodtest (from `../podtest/libs/lib/localpodtest-0.0.1`)

EXTERNAL SOURCES:
  localpod2:
    :path: libs/lib
  localpodtest:
    :path: "../podtest/libs/lib/localpodtest-0.0.1"

SPEC CHECKSUMS:
  localpod2: 37bb809d72f4b0f8daf4eab9ba4ea3cf45e3b7c3
  localpodtest: 85996095f3819ee24de230fb86ce1e73c01eac95

PODFILE CHECKSUM: 7e7498792f16f3c6c0152c428678f54214a6e845

COCOAPODS: 1.10.0
